// !$*UTF8*$!
{
	archiveVersion = 1;
	classes = {
	};
	objectVersion = 55;
	objects = {

/* Begin PBXBuildFile section */
		3216E7B9287C7C1F00932C67 /* HomeViewController.swift in Sources */ = {isa = PBXBuildFile; fileRef = 3216E7B8287C7C1F00932C67 /* HomeViewController.swift */; };
		328D88F0286EA6BD00422768 /* AppDelegate.swift in Sources */ = {isa = PBXBuildFile; fileRef = 328D88EF286EA6BD00422768 /* AppDelegate.swift */; };
		328D88F2286EA6BD00422768 /* SceneDelegate.swift in Sources */ = {isa = PBXBuildFile; fileRef = 328D88F1286EA6BD00422768 /* SceneDelegate.swift */; };
		328D88F4286EA6BD00422768 /* MainTabViewController.swift in Sources */ = {isa = PBXBuildFile; fileRef = 328D88F3286EA6BD00422768 /* MainTabViewController.swift */; };
		328D88F9286EA6BE00422768 /* Assets.xcassets in Resources */ = {isa = PBXBuildFile; fileRef = 328D88F8286EA6BE00422768 /* Assets.xcassets */; };
		328D88FC286EA6BE00422768 /* LaunchScreen.storyboard in Resources */ = {isa = PBXBuildFile; fileRef = 328D88FA286EA6BE00422768 /* LaunchScreen.storyboard */; };
		328D8904286EB1D800422768 /* MessageViewController.swift in Sources */ = {isa = PBXBuildFile; fileRef = 328D8903286EB1D800422768 /* MessageViewController.swift */; };
		328D8906286F1E5600422768 /* BellViewController.swift in Sources */ = {isa = PBXBuildFile; fileRef = 328D8905286F1E5600422768 /* BellViewController.swift */; };
		328D8908286F1EBB00422768 /* TossViewController.swift in Sources */ = {isa = PBXBuildFile; fileRef = 328D8907286F1EBB00422768 /* TossViewController.swift */; };
		32EF4C5D2872FB4C00396AE9 /* MyCollectionView.swift in Sources */ = {isa = PBXBuildFile; fileRef = 32EF4C5C2872FB4B00396AE9 /* MyCollectionView.swift */; };
		32EF4C5F2872FCEA00396AE9 /* MyCollectionViewData.swift in Sources */ = {isa = PBXBuildFile; fileRef = 32EF4C5E2872FCEA00396AE9 /* MyCollectionViewData.swift */; };
		32EF4C612872FD0B00396AE9 /* MyCollectionViewCell.swift in Sources */ = {isa = PBXBuildFile; fileRef = 32EF4C602872FD0B00396AE9 /* MyCollectionViewCell.swift */; };
/* End PBXBuildFile section */

/* Begin PBXFileReference section */
		3216E7B8287C7C1F00932C67 /* HomeViewController.swift */ = {isa = PBXFileReference; lastKnownFileType = sourcecode.swift; path = HomeViewController.swift; sourceTree = "<group>"; };
		328D88EC286EA6BD00422768 /* Toss_Clone_UIKit_Practice_CodeBase.app */ = {isa = PBXFileReference; explicitFileType = wrapper.application; includeInIndex = 0; path = Toss_Clone_UIKit_Practice_CodeBase.app; sourceTree = BUILT_PRODUCTS_DIR; };
		328D88EF286EA6BD00422768 /* AppDelegate.swift */ = {isa = PBXFileReference; lastKnownFileType = sourcecode.swift; path = AppDelegate.swift; sourceTree = "<group>"; };
		328D88F1286EA6BD00422768 /* SceneDelegate.swift */ = {isa = PBXFileReference; lastKnownFileType = sourcecode.swift; path = SceneDelegate.swift; sourceTree = "<group>"; };
		328D88F3286EA6BD00422768 /* MainTabViewController.swift */ = {isa = PBXFileReference; lastKnownFileType = sourcecode.swift; path = MainTabViewController.swift; sourceTree = "<group>"; };
		328D88F8286EA6BE00422768 /* Assets.xcassets */ = {isa = PBXFileReference; lastKnownFileType = folder.assetcatalog; path = Assets.xcassets; sourceTree = "<group>"; };
		328D88FB286EA6BE00422768 /* Base */ = {isa = PBXFileReference; lastKnownFileType = file.storyboard; name = Base; path = Base.lproj/LaunchScreen.storyboard; sourceTree = "<group>"; };
		328D88FD286EA6BE00422768 /* Info.plist */ = {isa = PBXFileReference; lastKnownFileType = text.plist.xml; path = Info.plist; sourceTree = "<group>"; };
		328D8903286EB1D800422768 /* MessageViewController.swift */ = {isa = PBXFileReference; lastKnownFileType = sourcecode.swift; path = MessageViewController.swift; sourceTree = "<group>"; };
		328D8905286F1E5600422768 /* BellViewController.swift */ = {isa = PBXFileReference; lastKnownFileType = sourcecode.swift; path = BellViewController.swift; sourceTree = "<group>"; };
		328D8907286F1EBB00422768 /* TossViewController.swift */ = {isa = PBXFileReference; lastKnownFileType = sourcecode.swift; path = TossViewController.swift; sourceTree = "<group>"; };
		32EF4C5C2872FB4B00396AE9 /* MyCollectionView.swift */ = {isa = PBXFileReference; lastKnownFileType = sourcecode.swift; path = MyCollectionView.swift; sourceTree = "<group>"; };
		32EF4C5E2872FCEA00396AE9 /* MyCollectionViewData.swift */ = {isa = PBXFileReference; lastKnownFileType = sourcecode.swift; path = MyCollectionViewData.swift; sourceTree = "<group>"; };
		32EF4C602872FD0B00396AE9 /* MyCollectionViewCell.swift */ = {isa = PBXFileReference; lastKnownFileType = sourcecode.swift; path = MyCollectionViewCell.swift; sourceTree = "<group>"; };
/* End PBXFileReference section */

/* Begin PBXFrameworksBuildPhase section */
		328D88E9286EA6BD00422768 /* Frameworks */ = {
			isa = PBXFrameworksBuildPhase;
			buildActionMask = 2147483647;
			files = (
			);
			runOnlyForDeploymentPostprocessing = 0;
		};
/* End PBXFrameworksBuildPhase section */

/* Begin PBXGroup section */
		328D88E3286EA6BD00422768 = {
			isa = PBXGroup;
			children = (
				328D88EE286EA6BD00422768 /* Toss_Clone_UIKit_Practice_CodeBase */,
				328D88ED286EA6BD00422768 /* Products */,
			);
			sourceTree = "<group>";
		};
		328D88ED286EA6BD00422768 /* Products */ = {
			isa = PBXGroup;
			children = (
				328D88EC286EA6BD00422768 /* Toss_Clone_UIKit_Practice_CodeBase.app */,
			);
			name = Products;
			sourceTree = "<group>";
		};
		328D88EE286EA6BD00422768 /* Toss_Clone_UIKit_Practice_CodeBase */ = {
			isa = PBXGroup;
			children = (
				328D88EF286EA6BD00422768 /* AppDelegate.swift */,
				328D88F1286EA6BD00422768 /* SceneDelegate.swift */,
				328D88F3286EA6BD00422768 /* MainTabViewController.swift */,
				3216E7B8287C7C1F00932C67 /* HomeViewController.swift */,
				328D8903286EB1D800422768 /* MessageViewController.swift */,
				328D8905286F1E5600422768 /* BellViewController.swift */,
				328D8907286F1EBB00422768 /* TossViewController.swift */,
				32EF4C5C2872FB4B00396AE9 /* MyCollectionView.swift */,
				32EF4C5E2872FCEA00396AE9 /* MyCollectionViewData.swift */,
				32EF4C602872FD0B00396AE9 /* MyCollectionViewCell.swift */,
				328D88F8286EA6BE00422768 /* Assets.xcassets */,
				328D88FA286EA6BE00422768 /* LaunchScreen.storyboard */,
				328D88FD286EA6BE00422768 /* Info.plist */,
			);
			path = Toss_Clone_UIKit_Practice_CodeBase;
			sourceTree = "<group>";
		};
/* End PBXGroup section */

/* Begin PBXNativeTarget section */
		328D88EB286EA6BD00422768 /* Toss_Clone_UIKit_Practice_CodeBase */ = {
			isa = PBXNativeTarget;
			buildConfigurationList = 328D8900286EA6BE00422768 /* Build configuration list for PBXNativeTarget "Toss_Clone_UIKit_Practice_CodeBase" */;
			buildPhases = (
				328D88E8286EA6BD00422768 /* Sources */,
				328D88E9286EA6BD00422768 /* Frameworks */,
				328D88EA286EA6BD00422768 /* Resources */,
			);
			buildRules = (
			);
			dependencies = (
			);
			name = Toss_Clone_UIKit_Practice_CodeBase;
			productName = Toss_Clone_UIKit_Practice_CodeBase;
			productReference = 328D88EC286EA6BD00422768 /* Toss_Clone_UIKit_Practice_CodeBase.app */;
			productType = "com.apple.product-type.application";
		};
/* End PBXNativeTarget section */

/* Begin PBXProject section */
		328D88E4286EA6BD00422768 /* Project object */ = {
			isa = PBXProject;
			attributes = {
				BuildIndependentTargetsInParallel = 1;
				LastSwiftUpdateCheck = 1340;
				LastUpgradeCheck = 1340;
				TargetAttributes = {
					328D88EB286EA6BD00422768 = {
						CreatedOnToolsVersion = 13.4.1;
					};
				};
			};
			buildConfigurationList = 328D88E7286EA6BD00422768 /* Build configuration list for PBXProject "Toss_Clone_UIKit_Practice_CodeBase" */;
			compatibilityVersion = "Xcode 13.0";
			developmentRegion = en;
			hasScannedForEncodings = 0;
			knownRegions = (
				en,
				Base,
			);
			mainGroup = 328D88E3286EA6BD00422768;
			productRefGroup = 328D88ED286EA6BD00422768 /* Products */;
			projectDirPath = "";
			projectRoot = "";
			targets = (
				328D88EB286EA6BD00422768 /* Toss_Clone_UIKit_Practice_CodeBase */,
			);
		};
/* End PBXProject section */

/* Begin PBXResourcesBuildPhase section */
		328D88EA286EA6BD00422768 /* Resources */ = {
			isa = PBXResourcesBuildPhase;
			buildActionMask = 2147483647;
			files = (
				328D88FC286EA6BE00422768 /* LaunchScreen.storyboard in Resources */,
				328D88F9286EA6BE00422768 /* Assets.xcassets in Resources */,
			);
			runOnlyForDeploymentPostprocessing = 0;
		};
/* End PBXResourcesBuildPhase section */

/* Begin PBXSourcesBuildPhase section */
		328D88E8286EA6BD00422768 /* Sources */ = {
			isa = PBXSourcesBuildPhase;
			buildActionMask = 2147483647;
			files = (
				328D8906286F1E5600422768 /* BellViewController.swift in Sources */,
				328D88F4286EA6BD00422768 /* MainTabViewController.swift in Sources */,
				32EF4C612872FD0B00396AE9 /* MyCollectionViewCell.swift in Sources */,
				328D88F0286EA6BD00422768 /* AppDelegate.swift in Sources */,
				328D8904286EB1D800422768 /* MessageViewController.swift in Sources */,
				3216E7B9287C7C1F00932C67 /* HomeViewController.swift in Sources */,
				32EF4C5F2872FCEA00396AE9 /* MyCollectionViewData.swift in Sources */,
				328D88F2286EA6BD00422768 /* SceneDelegate.swift in Sources */,
				32EF4C5D2872FB4C00396AE9 /* MyCollectionView.swift in Sources */,
				328D8908286F1EBB00422768 /* TossViewController.swift in Sources */,
			);
			runOnlyForDeploymentPostprocessing = 0;
		};
/* End PBXSourcesBuildPhase section */

/* Begin PBXVariantGroup section */
		328D88FA286EA6BE00422768 /* LaunchScreen.storyboard */ = {
			isa = PBXVariantGroup;
			children = (
				328D88FB286EA6BE00422768 /* Base */,
			);
			name = LaunchScreen.storyboard;
			sourceTree = "<group>";
		};
/* End PBXVariantGroup section */

/* Begin XCBuildConfiguration section */
		328D88FE286EA6BE00422768 /* Debug */ = {
			isa = XCBuildConfiguration;
			buildSettings = {
				ALWAYS_SEARCH_USER_PATHS = NO;
				CLANG_ANALYZER_NONNULL = YES;
				CLANG_ANALYZER_NUMBER_OBJECT_CONVERSION = YES_AGGRESSIVE;
				CLANG_CXX_LANGUAGE_STANDARD = "gnu++17";
				CLANG_ENABLE_MODULES = YES;
				CLANG_ENABLE_OBJC_ARC = YES;
				CLANG_ENABLE_OBJC_WEAK = YES;
				CLANG_WARN_BLOCK_CAPTURE_AUTORELEASING = YES;
				CLANG_WARN_BOOL_CONVERSION = YES;
				CLANG_WARN_COMMA = YES;
				CLANG_WARN_CONSTANT_CONVERSION = YES;
				CLANG_WARN_DEPRECATED_OBJC_IMPLEMENTATIONS = YES;
				CLANG_WARN_DIRECT_OBJC_ISA_USAGE = YES_ERROR;
				CLANG_WARN_DOCUMENTATION_COMMENTS = YES;
				CLANG_WARN_EMPTY_BODY = YES;
				CLANG_WARN_ENUM_CONVERSION = YES;
				CLANG_WARN_INFINITE_RECURSION = YES;
				CLANG_WARN_INT_CONVERSION = YES;
				CLANG_WARN_NON_LITERAL_NULL_CONVERSION = YES;
				CLANG_WARN_OBJC_IMPLICIT_RETAIN_SELF = YES;
				CLANG_WARN_OBJC_LITERAL_CONVERSION = YES;
				CLANG_WARN_OBJC_ROOT_CLASS = YES_ERROR;
				CLANG_WARN_QUOTED_INCLUDE_IN_FRAMEWORK_HEADER = YES;
				CLANG_WARN_RANGE_LOOP_ANALYSIS = YES;
				CLANG_WARN_STRICT_PROTOTYPES = YES;
				CLANG_WARN_SUSPICIOUS_MOVE = YES;
				CLANG_WARN_UNGUARDED_AVAILABILITY = YES_AGGRESSIVE;
				CLANG_WARN_UNREACHABLE_CODE = YES;
				CLANG_WARN__DUPLICATE_METHOD_MATCH = YES;
				COPY_PHASE_STRIP = NO;
				DEBUG_INFORMATION_FORMAT = dwarf;
				ENABLE_STRICT_OBJC_MSGSEND = YES;
				ENABLE_TESTABILITY = YES;
				GCC_C_LANGUAGE_STANDARD = gnu11;
				GCC_DYNAMIC_NO_PIC = NO;
				GCC_NO_COMMON_BLOCKS = YES;
				GCC_OPTIMIZATION_LEVEL = 0;
				GCC_PREPROCESSOR_DEFINITIONS = (
					"DEBUG=1",
					"$(inherited)",
				);
				GCC_WARN_64_TO_32_BIT_CONVERSION = YES;
				GCC_WARN_ABOUT_RETURN_TYPE = YES_ERROR;
				GCC_WARN_UNDECLARED_SELECTOR = YES;
				GCC_WARN_UNINITIALIZED_AUTOS = YES_AGGRESSIVE;
				GCC_WARN_UNUSED_FUNCTION = YES;
				GCC_WARN_UNUSED_VARIABLE = YES;
				IPHONEOS_DEPLOYMENT_TARGET = 15.5;
				MTL_ENABLE_DEBUG_INFO = INCLUDE_SOURCE;
				MTL_FAST_MATH = YES;
				ONLY_ACTIVE_ARCH = YES;
				SDKROOT = iphoneos;
				SWIFT_ACTIVE_COMPILATION_CONDITIONS = DEBUG;
				SWIFT_OPTIMIZATION_LEVEL = "-Onone";
			};
			name = Debug;
		};
		328D88FF286EA6BE00422768 /* Release */ = {
			isa = XCBuildConfiguration;
			buildSettings = {
				ALWAYS_SEARCH_USER_PATHS = NO;
				CLANG_ANALYZER_NONNULL = YES;
				CLANG_ANALYZER_NUMBER_OBJECT_CONVERSION = YES_AGGRESSIVE;
				CLANG_CXX_LANGUAGE_STANDARD = "gnu++17";
				CLANG_ENABLE_MODULES = YES;
				CLANG_ENABLE_OBJC_ARC = YES;
				CLANG_ENABLE_OBJC_WEAK = YES;
				CLANG_WARN_BLOCK_CAPTURE_AUTORELEASING = YES;
				CLANG_WARN_BOOL_CONVERSION = YES;
				CLANG_WARN_COMMA = YES;
				CLANG_WARN_CONSTANT_CONVERSION = YES;
				CLANG_WARN_DEPRECATED_OBJC_IMPLEMENTATIONS = YES;
				CLANG_WARN_DIRECT_OBJC_ISA_USAGE = YES_ERROR;
				CLANG_WARN_DOCUMENTATION_COMMENTS = YES;
				CLANG_WARN_EMPTY_BODY = YES;
				CLANG_WARN_ENUM_CONVERSION = YES;
				CLANG_WARN_INFINITE_RECURSION = YES;
				CLANG_WARN_INT_CONVERSION = YES;
				CLANG_WARN_NON_LITERAL_NULL_CONVERSION = YES;
				CLANG_WARN_OBJC_IMPLICIT_RETAIN_SELF = YES;
				CLANG_WARN_OBJC_LITERAL_CONVERSION = YES;
				CLANG_WARN_OBJC_ROOT_CLASS = YES_ERROR;
				CLANG_WARN_QUOTED_INCLUDE_IN_FRAMEWORK_HEADER = YES;
				CLANG_WARN_RANGE_LOOP_ANALYSIS = YES;
				CLANG_WARN_STRICT_PROTOTYPES = YES;
				CLANG_WARN_SUSPICIOUS_MOVE = YES;
				CLANG_WARN_UNGUARDED_AVAILABILITY = YES_AGGRESSIVE;
				CLANG_WARN_UNREACHABLE_CODE = YES;
				CLANG_WARN__DUPLICATE_METHOD_MATCH = YES;
				COPY_PHASE_STRIP = NO;
				DEBUG_INFORMATION_FORMAT = "dwarf-with-dsym";
				ENABLE_NS_ASSERTIONS = NO;
				ENABLE_STRICT_OBJC_MSGSEND = YES;
				GCC_C_LANGUAGE_STANDARD = gnu11;
				GCC_NO_COMMON_BLOCKS = YES;
				GCC_WARN_64_TO_32_BIT_CONVERSION = YES;
				GCC_WARN_ABOUT_RETURN_TYPE = YES_ERROR;
				GCC_WARN_UNDECLARED_SELECTOR = YES;
				GCC_WARN_UNINITIALIZED_AUTOS = YES_AGGRESSIVE;
				GCC_WARN_UNUSED_FUNCTION = YES;
				GCC_WARN_UNUSED_VARIABLE = YES;
				IPHONEOS_DEPLOYMENT_TARGET = 15.5;
				MTL_ENABLE_DEBUG_INFO = NO;
				MTL_FAST_MATH = YES;
				SDKROOT = iphoneos;
				SWIFT_COMPILATION_MODE = wholemodule;
				SWIFT_OPTIMIZATION_LEVEL = "-O";
				VALIDATE_PRODUCT = YES;
			};
			name = Release;
		};
		328D8901286EA6BE00422768 /* Debug */ = {
			isa = XCBuildConfiguration;
			buildSettings = {
				ASSETCATALOG_COMPILER_APPICON_NAME = AppIcon;
				ASSETCATALOG_COMPILER_GLOBAL_ACCENT_COLOR_NAME = AccentColor;
				CODE_SIGN_STYLE = Automatic;
				CURRENT_PROJECT_VERSION = 1;
				DEVELOPMENT_TEAM = FRZRS5Y9L6;
				GENERATE_INFOPLIST_FILE = YES;
				INFOPLIST_FILE = Toss_Clone_UIKit_Practice_CodeBase/Info.plist;
				INFOPLIST_KEY_UIApplicationSupportsIndirectInputEvents = YES;
				INFOPLIST_KEY_UILaunchStoryboardName = LaunchScreen;
				INFOPLIST_KEY_UISupportedInterfaceOrientations_iPad = "UIInterfaceOrientationPortrait UIInterfaceOrientationPortraitUpsideDown UIInterfaceOrientationLandscapeLeft UIInterfaceOrientationLandscapeRight";
				INFOPLIST_KEY_UISupportedInterfaceOrientations_iPhone = "UIInterfaceOrientationPortrait UIInterfaceOrientationLandscapeLeft UIInterfaceOrientationLandscapeRight";
				LD_RUNPATH_SEARCH_PATHS = (
					"$(inherited)",
					"@executable_path/Frameworks",
				);
				MARKETING_VERSION = 1.0;
				PRODUCT_BUNDLE_IDENTIFIER = "com.changBro.Toss-Clone-UIKit-Practice-CodeBase";
				PRODUCT_NAME = "$(TARGET_NAME)";
				SWIFT_EMIT_LOC_STRINGS = YES;
				SWIFT_VERSION = 5.0;
				TARGETED_DEVICE_FAMILY = "1,2";
			};
			name = Debug;
		};
		328D8902286EA6BE00422768 /* Release */ = {
			isa = XCBuildConfiguration;
			buildSettings = {
				ASSETCATALOG_COMPILER_APPICON_NAME = AppIcon;
				ASSETCATALOG_COMPILER_GLOBAL_ACCENT_COLOR_NAME = AccentColor;
				CODE_SIGN_STYLE = Automatic;
				CURRENT_PROJECT_VERSION = 1;
				DEVELOPMENT_TEAM = FRZRS5Y9L6;
				GENERATE_INFOPLIST_FILE = YES;
				INFOPLIST_FILE = Toss_Clone_UIKit_Practice_CodeBase/Info.plist;
				INFOPLIST_KEY_UIApplicationSupportsIndirectInputEvents = YES;
				INFOPLIST_KEY_UILaunchStoryboardName = LaunchScreen;
				INFOPLIST_KEY_UISupportedInterfaceOrientations_iPad = "UIInterfaceOrientationPortrait UIInterfaceOrientationPortraitUpsideDown UIInterfaceOrientationLandscapeLeft UIInterfaceOrientationLandscapeRight";
				INFOPLIST_KEY_UISupportedInterfaceOrientations_iPhone = "UIInterfaceOrientationPortrait UIInterfaceOrientationLandscapeLeft UIInterfaceOrientationLandscapeRight";
				LD_RUNPATH_SEARCH_PATHS = (
					"$(inherited)",
					"@executable_path/Frameworks",
				);
				MARKETING_VERSION = 1.0;
				PRODUCT_BUNDLE_IDENTIFIER = "com.changBro.Toss-Clone-UIKit-Practice-CodeBase";
				PRODUCT_NAME = "$(TARGET_NAME)";
				SWIFT_EMIT_LOC_STRINGS = YES;
				SWIFT_VERSION = 5.0;
				TARGETED_DEVICE_FAMILY = "1,2";
			};
			name = Release;
		};
/* End XCBuildConfiguration section */

/* Begin XCConfigurationList section */
		328D88E7286EA6BD00422768 /* Build configuration list for PBXProject "Toss_Clone_UIKit_Practice_CodeBase" */ = {
			isa = XCConfigurationList;
			buildConfigurations = (
				328D88FE286EA6BE00422768 /* Debug */,
				328D88FF286EA6BE00422768 /* Release */,
			);
			defaultConfigurationIsVisible = 0;
			defaultConfigurationName = Release;
		};
		328D8900286EA6BE00422768 /* Build configuration list for PBXNativeTarget "Toss_Clone_UIKit_Practice_CodeBase" */ = {
			isa = XCConfigurationList;
			buildConfigurations = (
				328D8901286EA6BE00422768 /* Debug */,
				328D8902286EA6BE00422768 /* Release */,
			);
			defaultConfigurationIsVisible = 0;
			defaultConfigurationName = Release;
		};
/* End XCConfigurationList section */
	};
	rootObject = 328D88E4286EA6BD00422768 /* Project object */;
}
